
Microsoft Visual Studio Solution File, Format Version 12.00
# Visual Studio Version 16
VisualStudioVersion = 16.0.31129.286
MinimumVisualStudioVersion = 10.0.40219.1
Project("{FAE04EC0-301F-11D3-BF4B-00C04F79EFBC}") = "0_0 The Matrix", "0_0 The Matrix.csproj", "{CF3344F3-4F27-4EE6-957A-0EA68149F72B}"
EndProject
Global
	GlobalSection(SolutionConfigurationPlatforms) = preSolution
		Debug|Any CPU = Debug|Any CPU
		Release|Any CPU = Release|Any CPU
	EndGlobalSection
	GlobalSection(ProjectConfigurationPlatforms) = postSolution
		{CF3344F3-4F27-4EE6-957A-0EA68149F72B}.Debug|Any CPU.ActiveCfg = Debug|Any CPU
		{CF3344F3-4F27-4EE6-957A-0EA68149F72B}.Debug|Any CPU.Build.0 = Debug|Any CPU
		{CF3344F3-4F27-4EE6-957A-0EA68149F72B}.Release|Any CPU.ActiveCfg = Release|Any CPU
		{CF3344F3-4F27-4EE6-957A-0EA68149F72B}.Release|Any CPU.Build.0 = Release|Any CPU
	EndGlobalSection
	GlobalSection(SolutionProperties) = preSolution
		HideSolutionNode = FALSE
	EndGlobalSection
	GlobalSection(ExtensibilityGlobals) = postSolution
		SolutionGuid = {B9A2EB17-7ADB-4967-9E14-58C047290880}
	EndGlobalSection
EndGlobal
